{
  "name": "inferno-canvas-component2.0",
  "version": "1.0.0",
  "lockfileVersion": 1,
  "requires": true,
  "dependencies": {
    "inferno": {
      "version": "7.1.10",
      "resolved": "https://registry.npmjs.org/inferno/-/inferno-7.1.10.tgz",
      "integrity": "sha512-slm6ozMfQVa7yfmenlcWrkK/zbuOH62j/59Z2lj8y0rhHGDrTA+K/EXXvoQBuy8te35Gjt+E85Zzm+3AShlJxw==",
      "requires": {
        "inferno-shared": "7.1.10",
        "inferno-vnode-flags": "7.1.10",
        "opencollective-postinstall": "^2.0.2"
      }
    },
    "inferno-hyperscript": {
      "version": "7.1.10",
      "resolved": "https://registry.npmjs.org/inferno-hyperscript/-/inferno-hyperscript-7.1.10.tgz",
      "integrity": "sha512-wRqyP40woE/mm9oRthGxf5CMdo5naIPBGE6cp4GbYv5oHEuoDUwU/IvigdvxjUE378RiC4CpzPSO5bk3NTVIHw==",
      "requires": {
        "inferno": "7.1.10"
      }
    },
    "inferno-shared": {
      "version": "7.1.10",
      "resolved": "https://registry.npmjs.org/inferno-shared/-/inferno-shared-7.1.10.tgz",
      "integrity": "sha512-+wpmagRB1tpUwmaZBFh4bOYc3erSfYxc0xMzEyRrHa2SJZM9BIem4d+pbeSCK+q/ytf2lIRSrFgtExXSQD0KkQ=="
    },
    "inferno-vnode-flags": {
      "version": "7.1.10",
      "resolved": "https://registry.npmjs.org/inferno-vnode-flags/-/inferno-vnode-flags-7.1.10.tgz",
      "integrity": "sha512-Gi5fh5GTYmOkdizbb0nmCZwVMxJOCiw+BeP4Sww+cM4RkuNFiR8dFjAaH9Lv9i/AjdR54K7segqqICvyTB75lQ=="
    },
    "opencollective-postinstall": {
      "version": "2.0.2",
      "resolved": "https://registry.npmjs.org/opencollective-postinstall/-/opencollective-postinstall-2.0.2.tgz",
      "integrity": "sha512-pVOEP16TrAO2/fjej1IdOyupJY8KDUM1CvsaScRbw6oddvpQoOfGk4ywha0HKKVAD6RkW4x6Q+tNBwhf3Bgpuw=="
    }
  }
}
